
Microsoft Visual Studio Solution File, Format Version 12.00
# Visual Studio 15
VisualStudioVersion = 15.0.28307.168
MinimumVisualStudioVersion = 10.0.40219.1
Project("{2150E333-8FDC-42A3-9474-1A3956D46DE8}") = "0-Entidades", "0-Entidades", "{919EBD3C-6D13-4FBE-950F-DD1B70AE35D2}"
EndProject
Project("{2150E333-8FDC-42A3-9474-1A3956D46DE8}") = "1-Sistema", "1-Sistema", "{6587F295-9893-47C3-886D-2588C0754A9E}"
EndProject
Project("{2150E333-8FDC-42A3-9474-1A3956D46DE8}") = "1.1.1-Sistema Web", "1.1.1-Sistema Web", "{54403728-56FC-43B4-8BF7-1F441D0E357C}"
EndProject
Project("{2150E333-8FDC-42A3-9474-1A3956D46DE8}") = "1.1.2-Sistema Mobile", "1.1.2-Sistema Mobile", "{7A1C2615-077E-4AE1-9D1D-B328D2FD38E9}"
EndProject
Project("{2150E333-8FDC-42A3-9474-1A3956D46DE8}") = "1.4-Camada Servicos", "1.4-Camada Servicos", "{A2EDBC7B-3DD2-4108-B8F4-50949D482CBD}"
EndProject
Project("{2150E333-8FDC-42A3-9474-1A3956D46DE8}") = "1.5-DAL", "1.5-DAL", "{BA59CB00-749D-4B11-96F6-3CF62293B920}"
EndProject
Project("{FAE04EC0-301F-11D3-BF4B-00C04F79EFBC}") = "Projeto.Entidade", "Projeto.Entidade\Projeto.Entidade.csproj", "{24A1A45A-636B-4AD8-AE04-FA5453B61371}"
EndProject
Project("{FAE04EC0-301F-11D3-BF4B-00C04F79EFBC}") = "Projeto.DAL", "Projeto.DAL\Projeto.DAL.csproj", "{AF1ABE96-4E20-4927-9F34-F18DF0E987D0}"
EndProject
Project("{2150E333-8FDC-42A3-9474-1A3956D46DE8}") = "1.1-Camada de Apresentacao", "1.1-Camada de Apresentacao", "{F562AE6E-550D-45C6-B1B6-8FC0A7F5CC28}"
EndProject
Project("{FAE04EC0-301F-11D3-BF4B-00C04F79EFBC}") = "Projeto.Servico", "Projeto.Servico\Projeto.Servico.csproj", "{9CFDE2B9-166E-41D2-A58D-6D432E06F135}"
EndProject
Project("{FAE04EC0-301F-11D3-BF4B-00C04F79EFBC}") = "Projeto.Web", "Projeto.Web\Projeto.Web.csproj", "{E6C1B35B-7942-4E06-90CE-C6172C246CFF}"
EndProject
Global
	GlobalSection(SolutionConfigurationPlatforms) = preSolution
		Debug|Any CPU = Debug|Any CPU
		Release|Any CPU = Release|Any CPU
	EndGlobalSection
	GlobalSection(ProjectConfigurationPlatforms) = postSolution
		{24A1A45A-636B-4AD8-AE04-FA5453B61371}.Debug|Any CPU.ActiveCfg = Debug|Any CPU
		{24A1A45A-636B-4AD8-AE04-FA5453B61371}.Debug|Any CPU.Build.0 = Debug|Any CPU
		{24A1A45A-636B-4AD8-AE04-FA5453B61371}.Release|Any CPU.ActiveCfg = Release|Any CPU
		{24A1A45A-636B-4AD8-AE04-FA5453B61371}.Release|Any CPU.Build.0 = Release|Any CPU
		{AF1ABE96-4E20-4927-9F34-F18DF0E987D0}.Debug|Any CPU.ActiveCfg = Debug|Any CPU
		{AF1ABE96-4E20-4927-9F34-F18DF0E987D0}.Debug|Any CPU.Build.0 = Debug|Any CPU
		{AF1ABE96-4E20-4927-9F34-F18DF0E987D0}.Release|Any CPU.ActiveCfg = Release|Any CPU
		{AF1ABE96-4E20-4927-9F34-F18DF0E987D0}.Release|Any CPU.Build.0 = Release|Any CPU
		{9CFDE2B9-166E-41D2-A58D-6D432E06F135}.Debug|Any CPU.ActiveCfg = Debug|Any CPU
		{9CFDE2B9-166E-41D2-A58D-6D432E06F135}.Debug|Any CPU.Build.0 = Debug|Any CPU
		{9CFDE2B9-166E-41D2-A58D-6D432E06F135}.Release|Any CPU.ActiveCfg = Release|Any CPU
		{9CFDE2B9-166E-41D2-A58D-6D432E06F135}.Release|Any CPU.Build.0 = Release|Any CPU
		{E6C1B35B-7942-4E06-90CE-C6172C246CFF}.Debug|Any CPU.ActiveCfg = Debug|Any CPU
		{E6C1B35B-7942-4E06-90CE-C6172C246CFF}.Debug|Any CPU.Build.0 = Debug|Any CPU
		{E6C1B35B-7942-4E06-90CE-C6172C246CFF}.Release|Any CPU.ActiveCfg = Release|Any CPU
		{E6C1B35B-7942-4E06-90CE-C6172C246CFF}.Release|Any CPU.Build.0 = Release|Any CPU
	EndGlobalSection
	GlobalSection(SolutionProperties) = preSolution
		HideSolutionNode = FALSE
	EndGlobalSection
	GlobalSection(NestedProjects) = preSolution
		{54403728-56FC-43B4-8BF7-1F441D0E357C} = {F562AE6E-550D-45C6-B1B6-8FC0A7F5CC28}
		{7A1C2615-077E-4AE1-9D1D-B328D2FD38E9} = {F562AE6E-550D-45C6-B1B6-8FC0A7F5CC28}
		{A2EDBC7B-3DD2-4108-B8F4-50949D482CBD} = {6587F295-9893-47C3-886D-2588C0754A9E}
		{BA59CB00-749D-4B11-96F6-3CF62293B920} = {6587F295-9893-47C3-886D-2588C0754A9E}
		{24A1A45A-636B-4AD8-AE04-FA5453B61371} = {919EBD3C-6D13-4FBE-950F-DD1B70AE35D2}
		{AF1ABE96-4E20-4927-9F34-F18DF0E987D0} = {BA59CB00-749D-4B11-96F6-3CF62293B920}
		{F562AE6E-550D-45C6-B1B6-8FC0A7F5CC28} = {6587F295-9893-47C3-886D-2588C0754A9E}
		{9CFDE2B9-166E-41D2-A58D-6D432E06F135} = {A2EDBC7B-3DD2-4108-B8F4-50949D482CBD}
		{E6C1B35B-7942-4E06-90CE-C6172C246CFF} = {54403728-56FC-43B4-8BF7-1F441D0E357C}
	EndGlobalSection
	GlobalSection(ExtensibilityGlobals) = postSolution
		SolutionGuid = {B86CF8E3-753D-4F40-B960-921D21BCEACB}
	EndGlobalSection
EndGlobal
